
Microsoft Visual Studio Solution File, Format Version 12.00
# Visual Studio Version 17
VisualStudioVersion = 17.0.32126.317
MinimumVisualStudioVersion = 10.0.40219.1
Project("{FAE04EC0-301F-11D3-BF4B-00C04F79EFBC}") = "HikeLog.WebMVC", "HikeLog.WebMVC\HikeLog.WebMVC.csproj", "{D8FC557B-E031-4572-827D-B20EB08F2613}"
EndProject
Project("{FAE04EC0-301F-11D3-BF4B-00C04F79EFBC}") = "HikeLog.Data", "HikeLog.Data\HikeLog.Data.csproj", "{676843E1-93E5-44BC-9450-CC6491946C84}"
EndProject
Project("{FAE04EC0-301F-11D3-BF4B-00C04F79EFBC}") = "HikeLog.Models", "HikeLog.Models\HikeLog.Models.csproj", "{34F94081-41CE-42A5-BDAB-6795D6CB058F}"
EndProject
Project("{FAE04EC0-301F-11D3-BF4B-00C04F79EFBC}") = "HikeLog.Services", "HikeLog.Services\HikeLog.Services.csproj", "{C9B9DB49-21AB-44E2-95D5-C09A7B430E58}"
EndProject
Global
	GlobalSection(SolutionConfigurationPlatforms) = preSolution
		Debug|Any CPU = Debug|Any CPU
		Release|Any CPU = Release|Any CPU
	EndGlobalSection
	GlobalSection(ProjectConfigurationPlatforms) = postSolution
		{D8FC557B-E031-4572-827D-B20EB08F2613}.Debug|Any CPU.ActiveCfg = Debug|Any CPU
		{D8FC557B-E031-4572-827D-B20EB08F2613}.Debug|Any CPU.Build.0 = Debug|Any CPU
		{D8FC557B-E031-4572-827D-B20EB08F2613}.Release|Any CPU.ActiveCfg = Release|Any CPU
		{D8FC557B-E031-4572-827D-B20EB08F2613}.Release|Any CPU.Build.0 = Release|Any CPU
		{676843E1-93E5-44BC-9450-CC6491946C84}.Debug|Any CPU.ActiveCfg = Debug|Any CPU
		{676843E1-93E5-44BC-9450-CC6491946C84}.Debug|Any CPU.Build.0 = Debug|Any CPU
		{676843E1-93E5-44BC-9450-CC6491946C84}.Release|Any CPU.ActiveCfg = Release|Any CPU
		{676843E1-93E5-44BC-9450-CC6491946C84}.Release|Any CPU.Build.0 = Release|Any CPU
		{34F94081-41CE-42A5-BDAB-6795D6CB058F}.Debug|Any CPU.ActiveCfg = Debug|Any CPU
		{34F94081-41CE-42A5-BDAB-6795D6CB058F}.Debug|Any CPU.Build.0 = Debug|Any CPU
		{34F94081-41CE-42A5-BDAB-6795D6CB058F}.Release|Any CPU.ActiveCfg = Release|Any CPU
		{34F94081-41CE-42A5-BDAB-6795D6CB058F}.Release|Any CPU.Build.0 = Release|Any CPU
		{C9B9DB49-21AB-44E2-95D5-C09A7B430E58}.Debug|Any CPU.ActiveCfg = Debug|Any CPU
		{C9B9DB49-21AB-44E2-95D5-C09A7B430E58}.Debug|Any CPU.Build.0 = Debug|Any CPU
		{C9B9DB49-21AB-44E2-95D5-C09A7B430E58}.Release|Any CPU.ActiveCfg = Release|Any CPU
		{C9B9DB49-21AB-44E2-95D5-C09A7B430E58}.Release|Any CPU.Build.0 = Release|Any CPU
	EndGlobalSection
	GlobalSection(SolutionProperties) = preSolution
		HideSolutionNode = FALSE
	EndGlobalSection
	GlobalSection(ExtensibilityGlobals) = postSolution
		SolutionGuid = {7F1FA447-FBC2-4706-AA45-59088B060368}
	EndGlobalSection
EndGlobal
